
Microsoft Visual Studio Solution File, Format Version 12.00
# Visual Studio Version 17
VisualStudioVersion = 17.3.32929.385
MinimumVisualStudioVersion = 10.0.40219.1
Project("{2150E333-8FDC-42A3-9474-1A3956D46DE8}") = "Documentation", "Documentation", "{E4A2AB78-2E57-454F-9D0E-505B15A3F551}"
	ProjectSection(SolutionItems) = preProject
		Generate-Git-Subrepository.ps1 = Generate-Git-Subrepository.ps1
		LICENSE = LICENSE
		README.md = README.md
	EndProjectSection
EndProject
Project("{2150E333-8FDC-42A3-9474-1A3956D46DE8}") = "Samples", "Samples", "{9B329E77-1DFE-4B09-9F6D-6F5A262DC33F}"
EndProject
Project("{2150E333-8FDC-42A3-9474-1A3956D46DE8}") = "Training", "Training", "{3FB19F34-69B1-469F-BC97-016D26C03B13}"
EndProject
Project("{2150E333-8FDC-42A3-9474-1A3956D46DE8}") = "Assets", "Assets", "{4D84F1CA-4766-4A5B-BD35-711384E60516}"
	ProjectSection(SolutionItems) = preProject
		Documentation\Assets\fork_1.png = Documentation\Assets\fork_1.png
		Documentation\Assets\fork_2.png = Documentation\Assets\fork_2.png
		Documentation\Assets\fork_3.png = Documentation\Assets\fork_3.png
		Documentation\Assets\pullrequest_1.png = Documentation\Assets\pullrequest_1.png
		Documentation\Assets\pullrequest_2.png = Documentation\Assets\pullrequest_2.png
		Documentation\Assets\pullrequest_3.png = Documentation\Assets\pullrequest_3.png
		Documentation\Assets\vs_clone_1.png = Documentation\Assets\vs_clone_1.png
		Documentation\Assets\vs_clone_2.png = Documentation\Assets\vs_clone_2.png
		Documentation\Assets\vs_newbranch_1.png = Documentation\Assets\vs_newbranch_1.png
		Documentation\Assets\vs_newbranch_2.png = Documentation\Assets\vs_newbranch_2.png
	EndProjectSection
EndProject
Project("{2150E333-8FDC-42A3-9474-1A3956D46DE8}") = "ConsoleApps", "ConsoleApps", "{D405CEAE-CFA0-45A5-B688-A84A68B042C1}"
EndProject
Project("{2150E333-8FDC-42A3-9474-1A3956D46DE8}") = "BlazorApps", "BlazorApps", "{2E0F193F-2567-4BE1-BC88-A89DA03DB239}"
EndProject
Project("{2150E333-8FDC-42A3-9474-1A3956D46DE8}") = "MauiApps", "MauiApps", "{1B2DA651-42AF-445D-B7EA-812D93FCC239}"
EndProject
Project("{2150E333-8FDC-42A3-9474-1A3956D46DE8}") = "Level1", "Level1", "{FBE83585-3BF3-4CEE-AC84-FD6FF1216874}"
EndProject
Project("{2150E333-8FDC-42A3-9474-1A3956D46DE8}") = "Level2", "Level2", "{B86F6C62-A5B9-45D7-A3E2-6435163408BD}"
EndProject
Project("{2150E333-8FDC-42A3-9474-1A3956D46DE8}") = "Level3", "Level3", "{1706C748-9B99-4437-9314-4248989A370A}"
EndProject
Project("{2150E333-8FDC-42A3-9474-1A3956D46DE8}") = "MVVM", "MVVM", "{F8502020-EA92-4174-991D-DBFE5C213C30}"
EndProject
Project("{2150E333-8FDC-42A3-9474-1A3956D46DE8}") = "CSharp", "CSharp", "{23BF534B-9079-4FC2-AC90-337555806B43}"
EndProject
Project("{2150E333-8FDC-42A3-9474-1A3956D46DE8}") = "Dotnet", "Dotnet", "{2A4D874B-5109-475E-BD9E-895B4385172E}"
EndProject
Project("{2150E333-8FDC-42A3-9474-1A3956D46DE8}") = "Level1", "Level1", "{C53C2A35-1E39-49F8-ADBE-5C4481F1AFAA}"
EndProject
Project("{2150E333-8FDC-42A3-9474-1A3956D46DE8}") = "Level2", "Level2", "{B119254D-C6B3-43E2-8963-F05D97549CD7}"
EndProject
Project("{2150E333-8FDC-42A3-9474-1A3956D46DE8}") = "Level3", "Level3", "{26096D16-510C-4E06-B283-78B75BD7C82C}"
EndProject
Project("{9A19103F-16F7-4668-BE54-9A1E7A4F7556}") = "Dnj.Colab.Samples.Markov", "Samples\DOTNET\MARKOV\Dnj.Colab.Samples.Markov\Dnj.Colab.Samples.Markov.csproj", "{C3173679-45A6-4F42-9B3A-03656CE22A01}"
EndProject
Project("{2150E333-8FDC-42A3-9474-1A3956D46DE8}") = "MARKOV", "MARKOV", "{F859E3A9-29AD-4261-B193-880BAF913251}"
EndProject
Project("{9A19103F-16F7-4668-BE54-9A1E7A4F7556}") = "Dnj.Colab.Samples.Markov.Test", "Samples\DOTNET\MARKOV\Dnj.Colab.Samples.Markov.Test\Dnj.Colab.Samples.Markov.Test.csproj", "{35FED9A9-C3C7-4F85-937B-4899E3733D35}"
EndProject
Project("{2150E333-8FDC-42A3-9474-1A3956D46DE8}") = "JSINTEROP", "JSINTEROP", "{A3C22753-DCF5-4106-AE92-94F4470960F2}"
EndProject
Project("{9A19103F-16F7-4668-BE54-9A1E7A4F7556}") = "Dnj.Colab.Samples.SimpleJSInterop", "Samples\DOTNET\JSINTEROP\Dnj.Colab.Samples.SimpleJSInterop\Dnj.Colab.Samples.SimpleJSInterop.csproj", "{46A16602-8532-4ECE-BDDE-7E7A9F4DBC58}"
EndProject
Project("{9A19103F-16F7-4668-BE54-9A1E7A4F7556}") = "Dnj.Colab.Samples.SimpleJSInterop.RCL", "Samples\DOTNET\JSINTEROP\Dnj.Colab.Samples.SimpleJSInterop.RCL\Dnj.Colab.Samples.SimpleJSInterop.RCL.csproj", "{6DF19E89-D16B-4A99-A254-94E0CB4E61BE}"
EndProject
Project("{9A19103F-16F7-4668-BE54-9A1E7A4F7556}") = "Dnj.Colab.Samples.JSInteropTS.RCL", "Samples\DOTNET\JSINTEROP\Dnj.Colab.Samples.JSInteropTS.RCL\Dnj.Colab.Samples.JSInteropTS.RCL.csproj", "{5F7A7C9C-ABF3-4A17-90AB-FB53D24FF4AE}"
EndProject
Project("{9A19103F-16F7-4668-BE54-9A1E7A4F7556}") = "Dnj.Colab.Samples.JSInteropTS", "Samples\DOTNET\JSINTEROP\Dnj.Colab.Samples.JSInteropTS\Dnj.Colab.Samples.JSInteropTS.csproj", "{E4722AA1-51D2-4FD9-8E8F-FBFED4CCDDD7}"
EndProject
Project("{2150E333-8FDC-42A3-9474-1A3956D46DE8}") = "CQRS", "CQRS", "{6E475CE2-9E61-411A-B5AC-2E2E9B33124B}"
EndProject
Project("{9A19103F-16F7-4668-BE54-9A1E7A4F7556}") = "Dnj.Colab.Samples.SimpleCqrs", "Samples\DOTNET\CQRS\Dnj.Colab.Samples.SimpleCqrs\Dnj.Colab.Samples.SimpleCqrs.csproj", "{9F3D3053-6340-4B15-939A-A68A460D7052}"
EndProject
Project("{9A19103F-16F7-4668-BE54-9A1E7A4F7556}") = "Dnj.Colab.Samples.MvvmSample.RCL", "Samples\DOTNET\MVVM\Dnj.Colab.Samples.MvvmSample.RCL\Dnj.Colab.Samples.MvvmSample.RCL.csproj", "{566D10FF-273F-42A8-B751-FE06EBC13128}"
EndProject
Project("{9A19103F-16F7-4668-BE54-9A1E7A4F7556}") = "Dnj.Colab.Samples.MvvmSample", "Samples\DOTNET\MVVM\Dnj.Colab.Samples.MvvmSample\Dnj.Colab.Samples.MvvmSample.csproj", "{56772F25-BDC7-4CF8-A81D-6CF1391235D2}"
EndProject
Project("{2150E333-8FDC-42A3-9474-1A3956D46DE8}") = "Projects", "Projects", "{134A8AEB-52AD-4973-9635-522ACB154C89}"
EndProject
Project("{2150E333-8FDC-42A3-9474-1A3956D46DE8}") = "Maui", "Maui", "{DDDA64EC-05E0-4D2D-ACB4-E1D054D164BA}"
EndProject
Project("{2150E333-8FDC-42A3-9474-1A3956D46DE8}") = "FILEDISCLAIMER", "FILEDISCLAIMER", "{DA402295-88CA-4788-AB7C-7C639FB037E9}"
EndProject
Project("{9A19103F-16F7-4668-BE54-9A1E7A4F7556}") = "Dnj.Colab.Samples.FileDisclaimer", "Projects\MAUI\Dnj.Colab.Samples.FileDisclaimer\Dnj.Colab.Samples.FileDisclaimer.csproj", "{6C1BE16E-EBF8-4153-8067-EE53BAE7A3DA}"
EndProject
Project("{9A19103F-16F7-4668-BE54-9A1E7A4F7556}") = "Dnj.Colab.Samples.FileDisclaimer.RCL", "Projects\MAUI\Dnj.Colab.Samples.FileDisclaimer.RCL\Dnj.Colab.Samples.FileDisclaimer.RCL.csproj", "{368DD04A-4A97-420C-8B2B-D7C67235B313}"
EndProject
Project("{9A19103F-16F7-4668-BE54-9A1E7A4F7556}") = "Dnj.Colab.Samples.MvvmSample.Abstractions", "Samples\DOTNET\MVVM\Dnj.Colab.Samples.MvvmSample.Abstractions\Dnj.Colab.Samples.MvvmSample.Abstractions.csproj", "{64A78898-7CBD-44E5-856B-C31E9FECEF9F}"
EndProject
Project("{2150E333-8FDC-42A3-9474-1A3956D46DE8}") = "Codewars", "Codewars", "{85593657-C078-4F17-805C-551AC5885714}"
EndProject
Project("{2150E333-8FDC-42A3-9474-1A3956D46DE8}") = "Kyu3", "Kyu3", "{D93E0B17-50B4-4C6F-804A-E74DD4EC4E65}"
EndProject
Project("{9A19103F-16F7-4668-BE54-9A1E7A4F7556}") = "BattleshipFieldValidator", "Training\CODEWARS\Kyu3\BattleshipFieldValidator\BattleshipFieldValidator.csproj", "{A44678DB-E8DA-4E8E-9715-FE5D0D44957D}"
EndProject
Project("{9A19103F-16F7-4668-BE54-9A1E7A4F7556}") = "Dnj.Colab.Samples.SimpleCqrs.RCL", "Samples\DOTNET\CQRS\Dnj.Colab.Samples.SimpleCqrs.RCL\Dnj.Colab.Samples.SimpleCqrs.RCL.csproj", "{1319E95B-D932-4A4E-B6A5-38DD1ECE8659}"
EndProject
Global
	GlobalSection(SolutionConfigurationPlatforms) = preSolution
		Debug|Any CPU = Debug|Any CPU
		Release|Any CPU = Release|Any CPU
	EndGlobalSection
	GlobalSection(ProjectConfigurationPlatforms) = postSolution
		{C3173679-45A6-4F42-9B3A-03656CE22A01}.Debug|Any CPU.ActiveCfg = Debug|Any CPU
		{C3173679-45A6-4F42-9B3A-03656CE22A01}.Debug|Any CPU.Build.0 = Debug|Any CPU
		{C3173679-45A6-4F42-9B3A-03656CE22A01}.Release|Any CPU.ActiveCfg = Release|Any CPU
		{C3173679-45A6-4F42-9B3A-03656CE22A01}.Release|Any CPU.Build.0 = Release|Any CPU
		{35FED9A9-C3C7-4F85-937B-4899E3733D35}.Debug|Any CPU.ActiveCfg = Debug|Any CPU
		{35FED9A9-C3C7-4F85-937B-4899E3733D35}.Debug|Any CPU.Build.0 = Debug|Any CPU
		{35FED9A9-C3C7-4F85-937B-4899E3733D35}.Release|Any CPU.ActiveCfg = Release|Any CPU
		{35FED9A9-C3C7-4F85-937B-4899E3733D35}.Release|Any CPU.Build.0 = Release|Any CPU
		{46A16602-8532-4ECE-BDDE-7E7A9F4DBC58}.Debug|Any CPU.ActiveCfg = Debug|Any CPU
		{46A16602-8532-4ECE-BDDE-7E7A9F4DBC58}.Debug|Any CPU.Build.0 = Debug|Any CPU
		{46A16602-8532-4ECE-BDDE-7E7A9F4DBC58}.Release|Any CPU.ActiveCfg = Release|Any CPU
		{46A16602-8532-4ECE-BDDE-7E7A9F4DBC58}.Release|Any CPU.Build.0 = Release|Any CPU
		{6DF19E89-D16B-4A99-A254-94E0CB4E61BE}.Debug|Any CPU.ActiveCfg = Debug|Any CPU
		{6DF19E89-D16B-4A99-A254-94E0CB4E61BE}.Debug|Any CPU.Build.0 = Debug|Any CPU
		{6DF19E89-D16B-4A99-A254-94E0CB4E61BE}.Release|Any CPU.ActiveCfg = Release|Any CPU
		{6DF19E89-D16B-4A99-A254-94E0CB4E61BE}.Release|Any CPU.Build.0 = Release|Any CPU
		{5F7A7C9C-ABF3-4A17-90AB-FB53D24FF4AE}.Debug|Any CPU.ActiveCfg = Debug|Any CPU
		{5F7A7C9C-ABF3-4A17-90AB-FB53D24FF4AE}.Debug|Any CPU.Build.0 = Debug|Any CPU
		{5F7A7C9C-ABF3-4A17-90AB-FB53D24FF4AE}.Release|Any CPU.ActiveCfg = Release|Any CPU
		{5F7A7C9C-ABF3-4A17-90AB-FB53D24FF4AE}.Release|Any CPU.Build.0 = Release|Any CPU
		{E4722AA1-51D2-4FD9-8E8F-FBFED4CCDDD7}.Debug|Any CPU.ActiveCfg = Debug|Any CPU
		{E4722AA1-51D2-4FD9-8E8F-FBFED4CCDDD7}.Debug|Any CPU.Build.0 = Debug|Any CPU
		{E4722AA1-51D2-4FD9-8E8F-FBFED4CCDDD7}.Release|Any CPU.ActiveCfg = Release|Any CPU
		{E4722AA1-51D2-4FD9-8E8F-FBFED4CCDDD7}.Release|Any CPU.Build.0 = Release|Any CPU
		{9F3D3053-6340-4B15-939A-A68A460D7052}.Debug|Any CPU.ActiveCfg = Debug|Any CPU
		{9F3D3053-6340-4B15-939A-A68A460D7052}.Debug|Any CPU.Build.0 = Debug|Any CPU
		{9F3D3053-6340-4B15-939A-A68A460D7052}.Release|Any CPU.ActiveCfg = Release|Any CPU
		{9F3D3053-6340-4B15-939A-A68A460D7052}.Release|Any CPU.Build.0 = Release|Any CPU
		{566D10FF-273F-42A8-B751-FE06EBC13128}.Debug|Any CPU.ActiveCfg = Debug|Any CPU
		{566D10FF-273F-42A8-B751-FE06EBC13128}.Debug|Any CPU.Build.0 = Debug|Any CPU
		{566D10FF-273F-42A8-B751-FE06EBC13128}.Release|Any CPU.ActiveCfg = Release|Any CPU
		{566D10FF-273F-42A8-B751-FE06EBC13128}.Release|Any CPU.Build.0 = Release|Any CPU
		{56772F25-BDC7-4CF8-A81D-6CF1391235D2}.Debug|Any CPU.ActiveCfg = Debug|Any CPU
		{56772F25-BDC7-4CF8-A81D-6CF1391235D2}.Debug|Any CPU.Build.0 = Debug|Any CPU
		{56772F25-BDC7-4CF8-A81D-6CF1391235D2}.Release|Any CPU.ActiveCfg = Release|Any CPU
		{56772F25-BDC7-4CF8-A81D-6CF1391235D2}.Release|Any CPU.Build.0 = Release|Any CPU
		{6C1BE16E-EBF8-4153-8067-EE53BAE7A3DA}.Debug|Any CPU.ActiveCfg = Debug|Any CPU
		{6C1BE16E-EBF8-4153-8067-EE53BAE7A3DA}.Debug|Any CPU.Build.0 = Debug|Any CPU
		{6C1BE16E-EBF8-4153-8067-EE53BAE7A3DA}.Debug|Any CPU.Deploy.0 = Debug|Any CPU
		{6C1BE16E-EBF8-4153-8067-EE53BAE7A3DA}.Release|Any CPU.ActiveCfg = Release|Any CPU
		{6C1BE16E-EBF8-4153-8067-EE53BAE7A3DA}.Release|Any CPU.Build.0 = Release|Any CPU
		{6C1BE16E-EBF8-4153-8067-EE53BAE7A3DA}.Release|Any CPU.Deploy.0 = Release|Any CPU
		{368DD04A-4A97-420C-8B2B-D7C67235B313}.Debug|Any CPU.ActiveCfg = Debug|Any CPU
		{368DD04A-4A97-420C-8B2B-D7C67235B313}.Debug|Any CPU.Build.0 = Debug|Any CPU
		{368DD04A-4A97-420C-8B2B-D7C67235B313}.Release|Any CPU.ActiveCfg = Release|Any CPU
		{368DD04A-4A97-420C-8B2B-D7C67235B313}.Release|Any CPU.Build.0 = Release|Any CPU
		{64A78898-7CBD-44E5-856B-C31E9FECEF9F}.Debug|Any CPU.ActiveCfg = Debug|Any CPU
		{64A78898-7CBD-44E5-856B-C31E9FECEF9F}.Debug|Any CPU.Build.0 = Debug|Any CPU
		{64A78898-7CBD-44E5-856B-C31E9FECEF9F}.Release|Any CPU.ActiveCfg = Release|Any CPU
		{64A78898-7CBD-44E5-856B-C31E9FECEF9F}.Release|Any CPU.Build.0 = Release|Any CPU
		{A44678DB-E8DA-4E8E-9715-FE5D0D44957D}.Debug|Any CPU.ActiveCfg = Debug|Any CPU
		{A44678DB-E8DA-4E8E-9715-FE5D0D44957D}.Debug|Any CPU.Build.0 = Debug|Any CPU
		{A44678DB-E8DA-4E8E-9715-FE5D0D44957D}.Release|Any CPU.ActiveCfg = Release|Any CPU
		{A44678DB-E8DA-4E8E-9715-FE5D0D44957D}.Release|Any CPU.Build.0 = Release|Any CPU
		{1319E95B-D932-4A4E-B6A5-38DD1ECE8659}.Debug|Any CPU.ActiveCfg = Debug|Any CPU
		{1319E95B-D932-4A4E-B6A5-38DD1ECE8659}.Debug|Any CPU.Build.0 = Debug|Any CPU
		{1319E95B-D932-4A4E-B6A5-38DD1ECE8659}.Release|Any CPU.ActiveCfg = Release|Any CPU
		{1319E95B-D932-4A4E-B6A5-38DD1ECE8659}.Release|Any CPU.Build.0 = Release|Any CPU
	EndGlobalSection
	GlobalSection(SolutionProperties) = preSolution
		HideSolutionNode = FALSE
	EndGlobalSection
	GlobalSection(NestedProjects) = preSolution
		{4D84F1CA-4766-4A5B-BD35-711384E60516} = {E4A2AB78-2E57-454F-9D0E-505B15A3F551}
		{D405CEAE-CFA0-45A5-B688-A84A68B042C1} = {9B329E77-1DFE-4B09-9F6D-6F5A262DC33F}
		{2E0F193F-2567-4BE1-BC88-A89DA03DB239} = {9B329E77-1DFE-4B09-9F6D-6F5A262DC33F}
		{1B2DA651-42AF-445D-B7EA-812D93FCC239} = {9B329E77-1DFE-4B09-9F6D-6F5A262DC33F}
		{FBE83585-3BF3-4CEE-AC84-FD6FF1216874} = {23BF534B-9079-4FC2-AC90-337555806B43}
		{B86F6C62-A5B9-45D7-A3E2-6435163408BD} = {23BF534B-9079-4FC2-AC90-337555806B43}
		{1706C748-9B99-4437-9314-4248989A370A} = {23BF534B-9079-4FC2-AC90-337555806B43}
		{F8502020-EA92-4174-991D-DBFE5C213C30} = {2E0F193F-2567-4BE1-BC88-A89DA03DB239}
		{23BF534B-9079-4FC2-AC90-337555806B43} = {3FB19F34-69B1-469F-BC97-016D26C03B13}
		{2A4D874B-5109-475E-BD9E-895B4385172E} = {3FB19F34-69B1-469F-BC97-016D26C03B13}
		{C53C2A35-1E39-49F8-ADBE-5C4481F1AFAA} = {2A4D874B-5109-475E-BD9E-895B4385172E}
		{B119254D-C6B3-43E2-8963-F05D97549CD7} = {2A4D874B-5109-475E-BD9E-895B4385172E}
		{26096D16-510C-4E06-B283-78B75BD7C82C} = {2A4D874B-5109-475E-BD9E-895B4385172E}
		{C3173679-45A6-4F42-9B3A-03656CE22A01} = {F859E3A9-29AD-4261-B193-880BAF913251}
		{F859E3A9-29AD-4261-B193-880BAF913251} = {2E0F193F-2567-4BE1-BC88-A89DA03DB239}
		{35FED9A9-C3C7-4F85-937B-4899E3733D35} = {F859E3A9-29AD-4261-B193-880BAF913251}
		{A3C22753-DCF5-4106-AE92-94F4470960F2} = {2E0F193F-2567-4BE1-BC88-A89DA03DB239}
		{46A16602-8532-4ECE-BDDE-7E7A9F4DBC58} = {A3C22753-DCF5-4106-AE92-94F4470960F2}
		{6DF19E89-D16B-4A99-A254-94E0CB4E61BE} = {A3C22753-DCF5-4106-AE92-94F4470960F2}
		{5F7A7C9C-ABF3-4A17-90AB-FB53D24FF4AE} = {A3C22753-DCF5-4106-AE92-94F4470960F2}
		{E4722AA1-51D2-4FD9-8E8F-FBFED4CCDDD7} = {A3C22753-DCF5-4106-AE92-94F4470960F2}
		{6E475CE2-9E61-411A-B5AC-2E2E9B33124B} = {2E0F193F-2567-4BE1-BC88-A89DA03DB239}
		{9F3D3053-6340-4B15-939A-A68A460D7052} = {6E475CE2-9E61-411A-B5AC-2E2E9B33124B}
		{566D10FF-273F-42A8-B751-FE06EBC13128} = {F8502020-EA92-4174-991D-DBFE5C213C30}
		{56772F25-BDC7-4CF8-A81D-6CF1391235D2} = {F8502020-EA92-4174-991D-DBFE5C213C30}
		{DDDA64EC-05E0-4D2D-ACB4-E1D054D164BA} = {134A8AEB-52AD-4973-9635-522ACB154C89}
		{DA402295-88CA-4788-AB7C-7C639FB037E9} = {DDDA64EC-05E0-4D2D-ACB4-E1D054D164BA}
		{6C1BE16E-EBF8-4153-8067-EE53BAE7A3DA} = {DA402295-88CA-4788-AB7C-7C639FB037E9}
		{368DD04A-4A97-420C-8B2B-D7C67235B313} = {DA402295-88CA-4788-AB7C-7C639FB037E9}
		{64A78898-7CBD-44E5-856B-C31E9FECEF9F} = {F8502020-EA92-4174-991D-DBFE5C213C30}
		{85593657-C078-4F17-805C-551AC5885714} = {3FB19F34-69B1-469F-BC97-016D26C03B13}
		{D93E0B17-50B4-4C6F-804A-E74DD4EC4E65} = {85593657-C078-4F17-805C-551AC5885714}
		{A44678DB-E8DA-4E8E-9715-FE5D0D44957D} = {D93E0B17-50B4-4C6F-804A-E74DD4EC4E65}
		{1319E95B-D932-4A4E-B6A5-38DD1ECE8659} = {6E475CE2-9E61-411A-B5AC-2E2E9B33124B}
	EndGlobalSection
	GlobalSection(ExtensibilityGlobals) = postSolution
		SolutionGuid = {C506D04A-CFD5-4922-B91B-4BE35FA817F7}
	EndGlobalSection
EndGlobal
